
Microsoft Visual Studio Solution File, Format Version 12.00
# Visual Studio Version 17
VisualStudioVersion = 17.0.31903.59
MinimumVisualStudioVersion = 10.0.40219.1
Project("{FAE04EC0-301F-11D3-BF4B-00C04F79EFBC}") = "TodoApp.Api", "TodoApp.Api\TodoApp.Api.csproj", "{77D199F8-E986-4F7E-A771-90F2337DBB8C}"
EndProject
Global
	GlobalSection(SolutionConfigurationPlatforms) = preSolution
		Debug|Any CPU = Debug|Any CPU
		Release|Any CPU = Release|Any CPU
	EndGlobalSection
	GlobalSection(ProjectConfigurationPlatforms) = postSolution
		{77D199F8-E986-4F7E-A771-90F2337DBB8C}.Debug|Any CPU.ActiveCfg = Debug|Any CPU
		{77D199F8-E986-4F7E-A771-90F2337DBB8C}.Debug|Any CPU.Build.0 = Debug|Any CPU
		{77D199F8-E986-4F7E-A771-90F2337DBB8C}.Release|Any CPU.ActiveCfg = Release|Any CPU
		{77D199F8-E986-4F7E-A771-90F2337DBB8C}.Release|Any CPU.Build.0 = Release|Any CPU
	EndGlobalSection
	GlobalSection(SolutionProperties) = preSolution
		HideSolutionNode = FALSE
	EndGlobalSection
	GlobalSection(ExtensibilityGlobals) = postSolution
		SolutionGuid = {ECB5A173-A78D-42BF-AA1C-7EC1A09BA809}
	EndGlobalSection
EndGlobal
